// !$*UTF8*$!
{
	archiveVersion = 1;
	classes = {
	};
	objectVersion = 55;
	objects = {

/* Begin PBXBuildFile section */
		996D3CF628DCB3BF006ABDA0 /* AppDelegate.swift in Sources */ = {isa = PBXBuildFile; fileRef = 996D3CF528DCB3BF006ABDA0 /* AppDelegate.swift */; };
		996D3CF828DCB3BF006ABDA0 /* SceneDelegate.swift in Sources */ = {isa = PBXBuildFile; fileRef = 996D3CF728DCB3BF006ABDA0 /* SceneDelegate.swift */; };
		996D3CFD28DCB3C0006ABDA0 /* Main.storyboard in Resources */ = {isa = PBXBuildFile; fileRef = 996D3CFB28DCB3C0006ABDA0 /* Main.storyboard */; };
		996D3CFF28DCB3C3006ABDA0 /* Assets.xcassets in Resources */ = {isa = PBXBuildFile; fileRef = 996D3CFE28DCB3C3006ABDA0 /* Assets.xcassets */; };
		996D3D0228DCB3C3006ABDA0 /* LaunchScreen.storyboard in Resources */ = {isa = PBXBuildFile; fileRef = 996D3D0028DCB3C3006ABDA0 /* LaunchScreen.storyboard */; };
		996D3D1428DF38F7006ABDA0 /* typeCollectionViewCell.swift in Sources */ = {isa = PBXBuildFile; fileRef = 996D3D1228DF38F7006ABDA0 /* typeCollectionViewCell.swift */; };
		996D3D1528DF38F7006ABDA0 /* typeCollectionViewCell.xib in Resources */ = {isa = PBXBuildFile; fileRef = 996D3D1328DF38F7006ABDA0 /* typeCollectionViewCell.xib */; };
		996D3D1D28DF4444006ABDA0 /* picWallCollectionViewCell.xib in Resources */ = {isa = PBXBuildFile; fileRef = 996D3D1B28DF4444006ABDA0 /* picWallCollectionViewCell.xib */; };
		996D3D1F28DF48E2006ABDA0 /* picWallCollectionViewCell.swift in Sources */ = {isa = PBXBuildFile; fileRef = 996D3D1E28DF48E2006ABDA0 /* picWallCollectionViewCell.swift */; };
		996D3D2328DF6881006ABDA0 /* MovieModel.swift in Sources */ = {isa = PBXBuildFile; fileRef = 996D3D2228DF6881006ABDA0 /* MovieModel.swift */; };
		996D3D2528DF6A0D006ABDA0 /* ViewModel.swift in Sources */ = {isa = PBXBuildFile; fileRef = 996D3D2428DF6A0D006ABDA0 /* ViewModel.swift */; };
		997519BA28EDD8E90045CD90 /* MovieData.json in Resources */ = {isa = PBXBuildFile; fileRef = 997519B928EDD8E90045CD90 /* MovieData.json */; };
		998DA0A12906EB0900394B6F /* ViewController.swift in Sources */ = {isa = PBXBuildFile; fileRef = 998DA0A02906EB0900394B6F /* ViewController.swift */; };
		998DA0A32906EB6500394B6F /* HomeViewController.swift in Sources */ = {isa = PBXBuildFile; fileRef = 998DA0A22906EB6500394B6F /* HomeViewController.swift */; };
		99CE155A290994610022EDC0 /* HomeViewController.xib in Resources */ = {isa = PBXBuildFile; fileRef = 99CE1559290994610022EDC0 /* HomeViewController.xib */; };
/* End PBXBuildFile section */

/* Begin PBXFileReference section */
		996D3CF228DCB3BF006ABDA0 /* 3_CollectionViewPractice.app */ = {isa = PBXFileReference; explicitFileType = wrapper.application; includeInIndex = 0; path = 3_CollectionViewPractice.app; sourceTree = BUILT_PRODUCTS_DIR; };
		996D3CF528DCB3BF006ABDA0 /* AppDelegate.swift */ = {isa = PBXFileReference; lastKnownFileType = sourcecode.swift; path = AppDelegate.swift; sourceTree = "<group>"; };
		996D3CF728DCB3BF006ABDA0 /* SceneDelegate.swift */ = {isa = PBXFileReference; lastKnownFileType = sourcecode.swift; path = SceneDelegate.swift; sourceTree = "<group>"; };
		996D3CFC28DCB3C0006ABDA0 /* Base */ = {isa = PBXFileReference; lastKnownFileType = file.storyboard; name = Base; path = Base.lproj/Main.storyboard; sourceTree = "<group>"; };
		996D3CFE28DCB3C3006ABDA0 /* Assets.xcassets */ = {isa = PBXFileReference; lastKnownFileType = folder.assetcatalog; path = Assets.xcassets; sourceTree = "<group>"; };
		996D3D0128DCB3C3006ABDA0 /* Base */ = {isa = PBXFileReference; lastKnownFileType = file.storyboard; name = Base; path = Base.lproj/LaunchScreen.storyboard; sourceTree = "<group>"; };
		996D3D0328DCB3C3006ABDA0 /* Info.plist */ = {isa = PBXFileReference; lastKnownFileType = text.plist.xml; path = Info.plist; sourceTree = "<group>"; };
		996D3D1228DF38F7006ABDA0 /* typeCollectionViewCell.swift */ = {isa = PBXFileReference; lastKnownFileType = sourcecode.swift; path = typeCollectionViewCell.swift; sourceTree = "<group>"; };
		996D3D1328DF38F7006ABDA0 /* typeCollectionViewCell.xib */ = {isa = PBXFileReference; lastKnownFileType = file.xib; path = typeCollectionViewCell.xib; sourceTree = "<group>"; };
		996D3D1B28DF4444006ABDA0 /* picWallCollectionViewCell.xib */ = {isa = PBXFileReference; lastKnownFileType = file.xib; path = picWallCollectionViewCell.xib; sourceTree = "<group>"; };
		996D3D1E28DF48E2006ABDA0 /* picWallCollectionViewCell.swift */ = {isa = PBXFileReference; lastKnownFileType = sourcecode.swift; path = picWallCollectionViewCell.swift; sourceTree = "<group>"; };
		996D3D2228DF6881006ABDA0 /* MovieModel.swift */ = {isa = PBXFileReference; lastKnownFileType = sourcecode.swift; path = MovieModel.swift; sourceTree = "<group>"; };
		996D3D2428DF6A0D006ABDA0 /* ViewModel.swift */ = {isa = PBXFileReference; lastKnownFileType = sourcecode.swift; path = ViewModel.swift; sourceTree = "<group>"; };
		997519B928EDD8E90045CD90 /* MovieData.json */ = {isa = PBXFileReference; lastKnownFileType = text.json; path = MovieData.json; sourceTree = "<group>"; };
		998DA0A02906EB0900394B6F /* ViewController.swift */ = {isa = PBXFileReference; fileEncoding = 4; lastKnownFileType = sourcecode.swift; path = ViewController.swift; sourceTree = "<group>"; };
		998DA0A22906EB6500394B6F /* HomeViewController.swift */ = {isa = PBXFileReference; fileEncoding = 4; lastKnownFileType = sourcecode.swift; path = HomeViewController.swift; sourceTree = "<group>"; };
		99CE1559290994610022EDC0 /* HomeViewController.xib */ = {isa = PBXFileReference; lastKnownFileType = file.xib; path = HomeViewController.xib; sourceTree = "<group>"; };
/* End PBXFileReference section */

/* Begin PBXFrameworksBuildPhase section */
		996D3CEF28DCB3BF006ABDA0 /* Frameworks */ = {
			isa = PBXFrameworksBuildPhase;
			buildActionMask = 2147483647;
			files = (
			);
			runOnlyForDeploymentPostprocessing = 0;
		};
/* End PBXFrameworksBuildPhase section */

/* Begin PBXGroup section */
		996D3CE928DCB3BF006ABDA0 = {
			isa = PBXGroup;
			children = (
				996D3CF428DCB3BF006ABDA0 /* 3_CollectionViewPractice */,
				996D3CF328DCB3BF006ABDA0 /* Products */,
			);
			sourceTree = "<group>";
		};
		996D3CF328DCB3BF006ABDA0 /* Products */ = {
			isa = PBXGroup;
			children = (
				996D3CF228DCB3BF006ABDA0 /* 3_CollectionViewPractice.app */,
			);
			name = Products;
			sourceTree = "<group>";
		};
		996D3CF428DCB3BF006ABDA0 /* 3_CollectionViewPractice */ = {
			isa = PBXGroup;
			children = (
				998DA0A02906EB0900394B6F /* ViewController.swift */,
				997519B828EDD88B0045CD90 /* ViewController */,
				996D3D2128DF67F4006ABDA0 /* Model */,
				996D3D0928DF3436006ABDA0 /* View */,
				996D3D2028DF679B006ABDA0 /* ViewModel */,
				997519B728EDD86D0045CD90 /* Resource */,
				996D3CF528DCB3BF006ABDA0 /* AppDelegate.swift */,
				996D3CF728DCB3BF006ABDA0 /* SceneDelegate.swift */,
				996D3CFB28DCB3C0006ABDA0 /* Main.storyboard */,
				996D3D0028DCB3C3006ABDA0 /* LaunchScreen.storyboard */,
				996D3D0328DCB3C3006ABDA0 /* Info.plist */,
			);
			path = 3_CollectionViewPractice;
			sourceTree = "<group>";
		};
		996D3D0928DF3436006ABDA0 /* View */ = {
			isa = PBXGroup;
			children = (
				996D3D1228DF38F7006ABDA0 /* typeCollectionViewCell.swift */,
				996D3D1328DF38F7006ABDA0 /* typeCollectionViewCell.xib */,
				996D3D1B28DF4444006ABDA0 /* picWallCollectionViewCell.xib */,
				996D3D1E28DF48E2006ABDA0 /* picWallCollectionViewCell.swift */,
				99CE1559290994610022EDC0 /* HomeViewController.xib */,
			);
			path = View;
			sourceTree = "<group>";
		};
		996D3D2028DF679B006ABDA0 /* ViewModel */ = {
			isa = PBXGroup;
			children = (
				996D3D2428DF6A0D006ABDA0 /* ViewModel.swift */,
			);
			path = ViewModel;
			sourceTree = "<group>";
		};
		996D3D2128DF67F4006ABDA0 /* Model */ = {
			isa = PBXGroup;
			children = (
				996D3D2228DF6881006ABDA0 /* MovieModel.swift */,
			);
			path = Model;
			sourceTree = "<group>";
		};
		997519B728EDD86D0045CD90 /* Resource */ = {
			isa = PBXGroup;
			children = (
				997519B928EDD8E90045CD90 /* MovieData.json */,
				996D3CFE28DCB3C3006ABDA0 /* Assets.xcassets */,
			);
			path = Resource;
			sourceTree = "<group>";
		};
		997519B828EDD88B0045CD90 /* ViewController */ = {
			isa = PBXGroup;
			children = (
				998DA0A22906EB6500394B6F /* HomeViewController.swift */,
			);
			path = ViewController;
			sourceTree = "<group>";
		};
/* End PBXGroup section */

/* Begin PBXNativeTarget section */
		996D3CF128DCB3BF006ABDA0 /* 3_CollectionViewPractice */ = {
			isa = PBXNativeTarget;
			buildConfigurationList = 996D3D0628DCB3C3006ABDA0 /* Build configuration list for PBXNativeTarget "3_CollectionViewPractice" */;
			buildPhases = (
				996D3CEE28DCB3BF006ABDA0 /* Sources */,
				996D3CEF28DCB3BF006ABDA0 /* Frameworks */,
				996D3CF028DCB3BF006ABDA0 /* Resources */,
			);
			buildRules = (
			);
			dependencies = (
			);
			name = 3_CollectionViewPractice;
			productName = 3_CollectionViewPractice;
			productReference = 996D3CF228DCB3BF006ABDA0 /* 3_CollectionViewPractice.app */;
			productType = "com.apple.product-type.application";
		};
/* End PBXNativeTarget section */

/* Begin PBXProject section */
		996D3CEA28DCB3BF006ABDA0 /* Project object */ = {
			isa = PBXProject;
			attributes = {
				BuildIndependentTargetsInParallel = 1;
				LastSwiftUpdateCheck = 1320;
				LastUpgradeCheck = 1320;
				TargetAttributes = {
					996D3CF128DCB3BF006ABDA0 = {
						CreatedOnToolsVersion = 13.2.1;
					};
				};
			};
			buildConfigurationList = 996D3CED28DCB3BF006ABDA0 /* Build configuration list for PBXProject "3_CollectionViewPractice" */;
			compatibilityVersion = "Xcode 13.0";
			developmentRegion = en;
			hasScannedForEncodings = 0;
			knownRegions = (
				en,
				Base,
			);
			mainGroup = 996D3CE928DCB3BF006ABDA0;
			productRefGroup = 996D3CF328DCB3BF006ABDA0 /* Products */;
			projectDirPath = "";
			projectRoot = "";
			targets = (
				996D3CF128DCB3BF006ABDA0 /* 3_CollectionViewPractice */,
			);
		};
/* End PBXProject section */

/* Begin PBXResourcesBuildPhase section */
		996D3CF028DCB3BF006ABDA0 /* Resources */ = {
			isa = PBXResourcesBuildPhase;
			buildActionMask = 2147483647;
			files = (
				99CE155A290994610022EDC0 /* HomeViewController.xib in Resources */,
				997519BA28EDD8E90045CD90 /* MovieData.json in Resources */,
				996D3D1528DF38F7006ABDA0 /* typeCollectionViewCell.xib in Resources */,
				996D3D0228DCB3C3006ABDA0 /* LaunchScreen.storyboard in Resources */,
				996D3D1D28DF4444006ABDA0 /* picWallCollectionViewCell.xib in Resources */,
				996D3CFF28DCB3C3006ABDA0 /* Assets.xcassets in Resources */,
				996D3CFD28DCB3C0006ABDA0 /* Main.storyboard in Resources */,
			);
			runOnlyForDeploymentPostprocessing = 0;
		};
/* End PBXResourcesBuildPhase section */

/* Begin PBXSourcesBuildPhase section */
		996D3CEE28DCB3BF006ABDA0 /* Sources */ = {
			isa = PBXSourcesBuildPhase;
			buildActionMask = 2147483647;
			files = (
				996D3D1F28DF48E2006ABDA0 /* picWallCollectionViewCell.swift in Sources */,
				996D3D1428DF38F7006ABDA0 /* typeCollectionViewCell.swift in Sources */,
				996D3CF628DCB3BF006ABDA0 /* AppDelegate.swift in Sources */,
				996D3CF828DCB3BF006ABDA0 /* SceneDelegate.swift in Sources */,
				998DA0A12906EB0900394B6F /* ViewController.swift in Sources */,
				996D3D2328DF6881006ABDA0 /* MovieModel.swift in Sources */,
				998DA0A32906EB6500394B6F /* HomeViewController.swift in Sources */,
				996D3D2528DF6A0D006ABDA0 /* ViewModel.swift in Sources */,
			);
			runOnlyForDeploymentPostprocessing = 0;
		};
/* End PBXSourcesBuildPhase section */

/* Begin PBXVariantGroup section */
		996D3CFB28DCB3C0006ABDA0 /* Main.storyboard */ = {
			isa = PBXVariantGroup;
			children = (
				996D3CFC28DCB3C0006ABDA0 /* Base */,
			);
			name = Main.storyboard;
			sourceTree = "<group>";
		};
		996D3D0028DCB3C3006ABDA0 /* LaunchScreen.storyboard */ = {
			isa = PBXVariantGroup;
			children = (
				996D3D0128DCB3C3006ABDA0 /* Base */,
			);
			name = LaunchScreen.storyboard;
			sourceTree = "<group>";
		};
/* End PBXVariantGroup section */

/* Begin XCBuildConfiguration section */
		996D3D0428DCB3C3006ABDA0 /* Debug */ = {
			isa = XCBuildConfiguration;
			buildSettings = {
				ALWAYS_SEARCH_USER_PATHS = NO;
				CLANG_ANALYZER_NONNULL = YES;
				CLANG_ANALYZER_NUMBER_OBJECT_CONVERSION = YES_AGGRESSIVE;
				CLANG_CXX_LANGUAGE_STANDARD = "gnu++17";
				CLANG_CXX_LIBRARY = "libc++";
				CLANG_ENABLE_MODULES = YES;
				CLANG_ENABLE_OBJC_ARC = YES;
				CLANG_ENABLE_OBJC_WEAK = YES;
				CLANG_WARN_BLOCK_CAPTURE_AUTORELEASING = YES;
				CLANG_WARN_BOOL_CONVERSION = YES;
				CLANG_WARN_COMMA = YES;
				CLANG_WARN_CONSTANT_CONVERSION = YES;
				CLANG_WARN_DEPRECATED_OBJC_IMPLEMENTATIONS = YES;
				CLANG_WARN_DIRECT_OBJC_ISA_USAGE = YES_ERROR;
				CLANG_WARN_DOCUMENTATION_COMMENTS = YES;
				CLANG_WARN_EMPTY_BODY = YES;
				CLANG_WARN_ENUM_CONVERSION = YES;
				CLANG_WARN_INFINITE_RECURSION = YES;
				CLANG_WARN_INT_CONVERSION = YES;
				CLANG_WARN_NON_LITERAL_NULL_CONVERSION = YES;
				CLANG_WARN_OBJC_IMPLICIT_RETAIN_SELF = YES;
				CLANG_WARN_OBJC_LITERAL_CONVERSION = YES;
				CLANG_WARN_OBJC_ROOT_CLASS = YES_ERROR;
				CLANG_WARN_QUOTED_INCLUDE_IN_FRAMEWORK_HEADER = YES;
				CLANG_WARN_RANGE_LOOP_ANALYSIS = YES;
				CLANG_WARN_STRICT_PROTOTYPES = YES;
				CLANG_WARN_SUSPICIOUS_MOVE = YES;
				CLANG_WARN_UNGUARDED_AVAILABILITY = YES_AGGRESSIVE;
				CLANG_WARN_UNREACHABLE_CODE = YES;
				CLANG_WARN__DUPLICATE_METHOD_MATCH = YES;
				COPY_PHASE_STRIP = NO;
				DEBUG_INFORMATION_FORMAT = dwarf;
				ENABLE_STRICT_OBJC_MSGSEND = YES;
				ENABLE_TESTABILITY = YES;
				GCC_C_LANGUAGE_STANDARD = gnu11;
				GCC_DYNAMIC_NO_PIC = NO;
				GCC_NO_COMMON_BLOCKS = YES;
				GCC_OPTIMIZATION_LEVEL = 0;
				GCC_PREPROCESSOR_DEFINITIONS = (
					"DEBUG=1",
					"$(inherited)",
				);
				GCC_WARN_64_TO_32_BIT_CONVERSION = YES;
				GCC_WARN_ABOUT_RETURN_TYPE = YES_ERROR;
				GCC_WARN_UNDECLARED_SELECTOR = YES;
				GCC_WARN_UNINITIALIZED_AUTOS = YES_AGGRESSIVE;
				GCC_WARN_UNUSED_FUNCTION = YES;
				GCC_WARN_UNUSED_VARIABLE = YES;
				IPHONEOS_DEPLOYMENT_TARGET = 15.2;
				MTL_ENABLE_DEBUG_INFO = INCLUDE_SOURCE;
				MTL_FAST_MATH = YES;
				ONLY_ACTIVE_ARCH = YES;
				SDKROOT = iphoneos;
				SWIFT_ACTIVE_COMPILATION_CONDITIONS = DEBUG;
				SWIFT_OPTIMIZATION_LEVEL = "-Onone";
			};
			name = Debug;
		};
		996D3D0528DCB3C3006ABDA0 /* Release */ = {
			isa = XCBuildConfiguration;
			buildSettings = {
				ALWAYS_SEARCH_USER_PATHS = NO;
				CLANG_ANALYZER_NONNULL = YES;
				CLANG_ANALYZER_NUMBER_OBJECT_CONVERSION = YES_AGGRESSIVE;
				CLANG_CXX_LANGUAGE_STANDARD = "gnu++17";
				CLANG_CXX_LIBRARY = "libc++";
				CLANG_ENABLE_MODULES = YES;
				CLANG_ENABLE_OBJC_ARC = YES;
				CLANG_ENABLE_OBJC_WEAK = YES;
				CLANG_WARN_BLOCK_CAPTURE_AUTORELEASING = YES;
				CLANG_WARN_BOOL_CONVERSION = YES;
				CLANG_WARN_COMMA = YES;
				CLANG_WARN_CONSTANT_CONVERSION = YES;
				CLANG_WARN_DEPRECATED_OBJC_IMPLEMENTATIONS = YES;
				CLANG_WARN_DIRECT_OBJC_ISA_USAGE = YES_ERROR;
				CLANG_WARN_DOCUMENTATION_COMMENTS = YES;
				CLANG_WARN_EMPTY_BODY = YES;
				CLANG_WARN_ENUM_CONVERSION = YES;
				CLANG_WARN_INFINITE_RECURSION = YES;
				CLANG_WARN_INT_CONVERSION = YES;
				CLANG_WARN_NON_LITERAL_NULL_CONVERSION = YES;
				CLANG_WARN_OBJC_IMPLICIT_RETAIN_SELF = YES;
				CLANG_WARN_OBJC_LITERAL_CONVERSION = YES;
				CLANG_WARN_OBJC_ROOT_CLASS = YES_ERROR;
				CLANG_WARN_QUOTED_INCLUDE_IN_FRAMEWORK_HEADER = YES;
				CLANG_WARN_RANGE_LOOP_ANALYSIS = YES;
				CLANG_WARN_STRICT_PROTOTYPES = YES;
				CLANG_WARN_SUSPICIOUS_MOVE = YES;
				CLANG_WARN_UNGUARDED_AVAILABILITY = YES_AGGRESSIVE;
				CLANG_WARN_UNREACHABLE_CODE = YES;
				CLANG_WARN__DUPLICATE_METHOD_MATCH = YES;
				COPY_PHASE_STRIP = NO;
				DEBUG_INFORMATION_FORMAT = "dwarf-with-dsym";
				ENABLE_NS_ASSERTIONS = NO;
				ENABLE_STRICT_OBJC_MSGSEND = YES;
				GCC_C_LANGUAGE_STANDARD = gnu11;
				GCC_NO_COMMON_BLOCKS = YES;
				GCC_WARN_64_TO_32_BIT_CONVERSION = YES;
				GCC_WARN_ABOUT_RETURN_TYPE = YES_ERROR;
				GCC_WARN_UNDECLARED_SELECTOR = YES;
				GCC_WARN_UNINITIALIZED_AUTOS = YES_AGGRESSIVE;
				GCC_WARN_UNUSED_FUNCTION = YES;
				GCC_WARN_UNUSED_VARIABLE = YES;
				IPHONEOS_DEPLOYMENT_TARGET = 15.2;
				MTL_ENABLE_DEBUG_INFO = NO;
				MTL_FAST_MATH = YES;
				SDKROOT = iphoneos;
				SWIFT_COMPILATION_MODE = wholemodule;
				SWIFT_OPTIMIZATION_LEVEL = "-O";
				VALIDATE_PRODUCT = YES;
			};
			name = Release;
		};
		996D3D0728DCB3C3006ABDA0 /* Debug */ = {
			isa = XCBuildConfiguration;
			buildSettings = {
				ASSETCATALOG_COMPILER_APPICON_NAME = AppIcon;
				ASSETCATALOG_COMPILER_GLOBAL_ACCENT_COLOR_NAME = AccentColor;
				CODE_SIGN_STYLE = Automatic;
				CURRENT_PROJECT_VERSION = 1;
				DEVELOPMENT_TEAM = 89MNBMT7Y8;
				GENERATE_INFOPLIST_FILE = YES;
				INFOPLIST_FILE = 3_CollectionViewPractice/Info.plist;
				INFOPLIST_KEY_NSMainNibFile = Main;
				INFOPLIST_KEY_UIApplicationSupportsIndirectInputEvents = YES;
				INFOPLIST_KEY_UILaunchStoryboardName = LaunchScreen;
				INFOPLIST_KEY_UISupportedInterfaceOrientations = UIInterfaceOrientationPortrait;
				INFOPLIST_KEY_UISupportedInterfaceOrientations_iPad = "UIInterfaceOrientationPortrait UIInterfaceOrientationPortraitUpsideDown UIInterfaceOrientationLandscapeLeft UIInterfaceOrientationLandscapeRight";
				INFOPLIST_KEY_UISupportedInterfaceOrientations_iPhone = "UIInterfaceOrientationPortrait UIInterfaceOrientationLandscapeLeft UIInterfaceOrientationLandscapeRight";
				LD_RUNPATH_SEARCH_PATHS = (
					"$(inherited)",
					"@executable_path/Frameworks",
				);
				MARKETING_VERSION = 1.0;
				PRODUCT_BUNDLE_IDENTIFIER = "com..--CollectionViewPractice";
				PRODUCT_NAME = "$(TARGET_NAME)";
				SWIFT_EMIT_LOC_STRINGS = YES;
				SWIFT_VERSION = 5.0;
				TARGETED_DEVICE_FAMILY = 1;
			};
			name = Debug;
		};
		996D3D0828DCB3C3006ABDA0 /* Release */ = {
			isa = XCBuildConfiguration;
			buildSettings = {
				ASSETCATALOG_COMPILER_APPICON_NAME = AppIcon;
				ASSETCATALOG_COMPILER_GLOBAL_ACCENT_COLOR_NAME = AccentColor;
				CODE_SIGN_STYLE = Automatic;
				CURRENT_PROJECT_VERSION = 1;
				DEVELOPMENT_TEAM = 89MNBMT7Y8;
				GENERATE_INFOPLIST_FILE = YES;
				INFOPLIST_FILE = 3_CollectionViewPractice/Info.plist;
				INFOPLIST_KEY_NSMainNibFile = Main;
				INFOPLIST_KEY_UIApplicationSupportsIndirectInputEvents = YES;
				INFOPLIST_KEY_UILaunchStoryboardName = LaunchScreen;
				INFOPLIST_KEY_UISupportedInterfaceOrientations = UIInterfaceOrientationPortrait;
				INFOPLIST_KEY_UISupportedInterfaceOrientations_iPad = "UIInterfaceOrientationPortrait UIInterfaceOrientationPortraitUpsideDown UIInterfaceOrientationLandscapeLeft UIInterfaceOrientationLandscapeRight";
				INFOPLIST_KEY_UISupportedInterfaceOrientations_iPhone = "UIInterfaceOrientationPortrait UIInterfaceOrientationLandscapeLeft UIInterfaceOrientationLandscapeRight";
				LD_RUNPATH_SEARCH_PATHS = (
					"$(inherited)",
					"@executable_path/Frameworks",
				);
				MARKETING_VERSION = 1.0;
				PRODUCT_BUNDLE_IDENTIFIER = "com..--CollectionViewPractice";
				PRODUCT_NAME = "$(TARGET_NAME)";
				SWIFT_EMIT_LOC_STRINGS = YES;
				SWIFT_VERSION = 5.0;
				TARGETED_DEVICE_FAMILY = 1;
			};
			name = Release;
		};
/* End XCBuildConfiguration section */

/* Begin XCConfigurationList section */
		996D3CED28DCB3BF006ABDA0 /* Build configuration list for PBXProject "3_CollectionViewPractice" */ = {
			isa = XCConfigurationList;
			buildConfigurations = (
				996D3D0428DCB3C3006ABDA0 /* Debug */,
				996D3D0528DCB3C3006ABDA0 /* Release */,
			);
			defaultConfigurationIsVisible = 0;
			defaultConfigurationName = Release;
		};
		996D3D0628DCB3C3006ABDA0 /* Build configuration list for PBXNativeTarget "3_CollectionViewPractice" */ = {
			isa = XCConfigurationList;
			buildConfigurations = (
				996D3D0728DCB3C3006ABDA0 /* Debug */,
				996D3D0828DCB3C3006ABDA0 /* Release */,
			);
			defaultConfigurationIsVisible = 0;
			defaultConfigurationName = Release;
		};
/* End XCConfigurationList section */
	};
	rootObject = 996D3CEA28DCB3BF006ABDA0 /* Project object */;
}
